
Microsoft Visual Studio Solution File, Format Version 12.00
# Visual Studio Version 16
VisualStudioVersion = 16.0.29911.84
MinimumVisualStudioVersion = 10.0.40219.1
Project("{FAE04EC0-301F-11D3-BF4B-00C04F79EFBC}") = "Elections", "Elections\Elections.csproj", "{1DC32573-2554-45E3-A50D-53C15836C7C2}"
EndProject
Project("{FAE04EC0-301F-11D3-BF4B-00C04F79EFBC}") = "PersonLibrary", "PersonLibrary\PersonLibrary.csproj", "{B1908D09-D483-4B86-B255-C1B0662EBD0C}"
EndProject
Project("{FAE04EC0-301F-11D3-BF4B-00C04F79EFBC}") = "ChooseOptions", "ChooseOptions\ChooseOptions.csproj", "{9DD6D521-7D85-4A3F-9143-6FCD7E89A8E0}"
EndProject
Global
	GlobalSection(SolutionConfigurationPlatforms) = preSolution
		Debug|Any CPU = Debug|Any CPU
		Release|Any CPU = Release|Any CPU
	EndGlobalSection
	GlobalSection(ProjectConfigurationPlatforms) = postSolution
		{1DC32573-2554-45E3-A50D-53C15836C7C2}.Debug|Any CPU.ActiveCfg = Debug|Any CPU
		{1DC32573-2554-45E3-A50D-53C15836C7C2}.Debug|Any CPU.Build.0 = Debug|Any CPU
		{1DC32573-2554-45E3-A50D-53C15836C7C2}.Release|Any CPU.ActiveCfg = Release|Any CPU
		{1DC32573-2554-45E3-A50D-53C15836C7C2}.Release|Any CPU.Build.0 = Release|Any CPU
		{B1908D09-D483-4B86-B255-C1B0662EBD0C}.Debug|Any CPU.ActiveCfg = Debug|Any CPU
		{B1908D09-D483-4B86-B255-C1B0662EBD0C}.Debug|Any CPU.Build.0 = Debug|Any CPU
		{B1908D09-D483-4B86-B255-C1B0662EBD0C}.Release|Any CPU.ActiveCfg = Release|Any CPU
		{B1908D09-D483-4B86-B255-C1B0662EBD0C}.Release|Any CPU.Build.0 = Release|Any CPU
		{9DD6D521-7D85-4A3F-9143-6FCD7E89A8E0}.Debug|Any CPU.ActiveCfg = Debug|Any CPU
		{9DD6D521-7D85-4A3F-9143-6FCD7E89A8E0}.Debug|Any CPU.Build.0 = Debug|Any CPU
		{9DD6D521-7D85-4A3F-9143-6FCD7E89A8E0}.Release|Any CPU.ActiveCfg = Release|Any CPU
		{9DD6D521-7D85-4A3F-9143-6FCD7E89A8E0}.Release|Any CPU.Build.0 = Release|Any CPU
	EndGlobalSection
	GlobalSection(SolutionProperties) = preSolution
		HideSolutionNode = FALSE
	EndGlobalSection
	GlobalSection(ExtensibilityGlobals) = postSolution
		SolutionGuid = {AD2C0198-6644-4BAA-A417-6A4D38B5ACE0}
	EndGlobalSection
EndGlobal
